
Microsoft Visual Studio Solution File, Format Version 12.00
# Visual Studio Version 16
VisualStudioVersion = 16.0.31424.327
MinimumVisualStudioVersion = 10.0.40219.1
Project("{FAE04EC0-301F-11D3-BF4B-00C04F79EFBC}") = "BowlingGame", "BowlingGame\BowlingGame.csproj", "{D7631B08-20A2-42F0-9EE2-F8F8695359EC}"
EndProject
Project("{FAE04EC0-301F-11D3-BF4B-00C04F79EFBC}") = "UnitTests BowlingGame", "UnitTests BowlingGame\UnitTests BowlingGame.csproj", "{D3AF85E9-7D0E-4872-BE57-4A41090C1309}"
EndProject
Global
	GlobalSection(SolutionConfigurationPlatforms) = preSolution
		Debug|Any CPU = Debug|Any CPU
		Release|Any CPU = Release|Any CPU
	EndGlobalSection
	GlobalSection(ProjectConfigurationPlatforms) = postSolution
		{D7631B08-20A2-42F0-9EE2-F8F8695359EC}.Debug|Any CPU.ActiveCfg = Debug|Any CPU
		{D7631B08-20A2-42F0-9EE2-F8F8695359EC}.Debug|Any CPU.Build.0 = Debug|Any CPU
		{D7631B08-20A2-42F0-9EE2-F8F8695359EC}.Release|Any CPU.ActiveCfg = Release|Any CPU
		{D7631B08-20A2-42F0-9EE2-F8F8695359EC}.Release|Any CPU.Build.0 = Release|Any CPU
		{D3AF85E9-7D0E-4872-BE57-4A41090C1309}.Debug|Any CPU.ActiveCfg = Debug|Any CPU
		{D3AF85E9-7D0E-4872-BE57-4A41090C1309}.Debug|Any CPU.Build.0 = Debug|Any CPU
		{D3AF85E9-7D0E-4872-BE57-4A41090C1309}.Release|Any CPU.ActiveCfg = Release|Any CPU
		{D3AF85E9-7D0E-4872-BE57-4A41090C1309}.Release|Any CPU.Build.0 = Release|Any CPU
	EndGlobalSection
	GlobalSection(SolutionProperties) = preSolution
		HideSolutionNode = FALSE
	EndGlobalSection
	GlobalSection(ExtensibilityGlobals) = postSolution
		SolutionGuid = {718630FF-4BCD-4F0A-8012-FB31245E837A}
	EndGlobalSection
EndGlobal
